
Microsoft Visual Studio Solution File, Format Version 12.00
# Visual Studio 15
Project("{FAE04EC0-301F-11D3-BF4B-00C04F79EFBC}") = "VuforiaScripts", "VuforiaScripts.csproj", "{5AB68614-12DD-4576-9FBB-A26A385D56AB}"
EndProject
Project("{FAE04EC0-301F-11D3-BF4B-00C04F79EFBC}") = "VuforiaEditorScripts", "VuforiaEditorScripts.csproj", "{44D6336D-16C3-0EE0-07A8-073802581237}"
EndProject
Global
	GlobalSection(SolutionConfigurationPlatforms) = preSolution
		Debug|Any CPU = Debug|Any CPU
		Release|Any CPU = Release|Any CPU
	EndGlobalSection
	GlobalSection(ProjectConfigurationPlatforms) = postSolution
		{5AB68614-12DD-4576-9FBB-A26A385D56AB}.Debug|Any CPU.ActiveCfg = Debug|Any CPU
		{5AB68614-12DD-4576-9FBB-A26A385D56AB}.Debug|Any CPU.Build.0 = Debug|Any CPU
		{5AB68614-12DD-4576-9FBB-A26A385D56AB}.Release|Any CPU.ActiveCfg = Release|Any CPU
		{5AB68614-12DD-4576-9FBB-A26A385D56AB}.Release|Any CPU.Build.0 = Release|Any CPU
		{44D6336D-16C3-0EE0-07A8-073802581237}.Debug|Any CPU.ActiveCfg = Debug|Any CPU
		{44D6336D-16C3-0EE0-07A8-073802581237}.Debug|Any CPU.Build.0 = Debug|Any CPU
		{44D6336D-16C3-0EE0-07A8-073802581237}.Release|Any CPU.ActiveCfg = Release|Any CPU
		{44D6336D-16C3-0EE0-07A8-073802581237}.Release|Any CPU.Build.0 = Release|Any CPU
	EndGlobalSection
	GlobalSection(SolutionProperties) = preSolution
		HideSolutionNode = FALSE
	EndGlobalSection
EndGlobal
